
Microsoft Visual Studio Solution File, Format Version 12.00
# Visual Studio 15
VisualStudioVersion = 15.0.27130.2036
MinimumVisualStudioVersion = 10.0.40219.1
Project("{FAE04EC0-301F-11D3-BF4B-00C04F79EFBC}") = "QuanLyHoiNguoiCaoTuoi", "QuanLyHoiNguoiCaoTuoi\QuanLyHoiNguoiCaoTuoi.csproj", "{FDC8B3C9-C356-4DBE-A42E-8D2DA08C3B6C}"
EndProject
Global
	GlobalSection(SolutionConfigurationPlatforms) = preSolution
		Debug|Any CPU = Debug|Any CPU
		Release|Any CPU = Release|Any CPU
	EndGlobalSection
	GlobalSection(ProjectConfigurationPlatforms) = postSolution
		{FDC8B3C9-C356-4DBE-A42E-8D2DA08C3B6C}.Debug|Any CPU.ActiveCfg = Debug|Any CPU
		{FDC8B3C9-C356-4DBE-A42E-8D2DA08C3B6C}.Debug|Any CPU.Build.0 = Debug|Any CPU
		{FDC8B3C9-C356-4DBE-A42E-8D2DA08C3B6C}.Release|Any CPU.ActiveCfg = Release|Any CPU
		{FDC8B3C9-C356-4DBE-A42E-8D2DA08C3B6C}.Release|Any CPU.Build.0 = Release|Any CPU
	EndGlobalSection
	GlobalSection(SolutionProperties) = preSolution
		HideSolutionNode = FALSE
	EndGlobalSection
	GlobalSection(ExtensibilityGlobals) = postSolution
		SolutionGuid = {E7098644-3607-4FA5-9388-5F1A083C21D4}
	EndGlobalSection
EndGlobal
